
Microsoft Visual Studio Solution File, Format Version 12.00
# Visual Studio Version 17
VisualStudioVersion = 17.5.002.0
MinimumVisualStudioVersion = 10.0.40219.1
Project("{9A19103F-16F7-4668-BE54-9A1E7A4F7556}") = "JwtoAuth", "JwtoAuth.csproj", "{47FA0524-BC2D-4662-AB54-3FE8B3F04FB9}"
EndProject
Global
	GlobalSection(SolutionConfigurationPlatforms) = preSolution
		Debug|Any CPU = Debug|Any CPU
		Release|Any CPU = Release|Any CPU
	EndGlobalSection
	GlobalSection(ProjectConfigurationPlatforms) = postSolution
		{47FA0524-BC2D-4662-AB54-3FE8B3F04FB9}.Debug|Any CPU.ActiveCfg = Debug|Any CPU
		{47FA0524-BC2D-4662-AB54-3FE8B3F04FB9}.Debug|Any CPU.Build.0 = Debug|Any CPU
		{47FA0524-BC2D-4662-AB54-3FE8B3F04FB9}.Release|Any CPU.ActiveCfg = Release|Any CPU
		{47FA0524-BC2D-4662-AB54-3FE8B3F04FB9}.Release|Any CPU.Build.0 = Release|Any CPU
	EndGlobalSection
	GlobalSection(SolutionProperties) = preSolution
		HideSolutionNode = FALSE
	EndGlobalSection
	GlobalSection(ExtensibilityGlobals) = postSolution
		SolutionGuid = {EC6097B2-E09E-4E0F-9F00-3A8BC2903BA6}
	EndGlobalSection
EndGlobal
